
Microsoft Visual Studio Solution File, Format Version 12.00
# Visual Studio Version 18
VisualStudioVersion = 18.3.11415.281
MinimumVisualStudioVersion = 10.0.40219.1
Project("{9A19103F-16F7-4668-BE54-9A1E7A4F7556}") = "WordsEdit", "WordsEdit\WordsEdit.csproj", "{DB039C06-2D8D-48B7-947B-7CC3A684D160}"
EndProject
Project("{FAE04EC0-301F-11D3-BF4B-00C04F79EFBC}") = "Localization-Core", "Localization-Core\Localization-Core.csproj", "{2F44E16F-EB5A-0FD3-2E16-5A7B5D54930A}"
EndProject
Project("{FAE04EC0-301F-11D3-BF4B-00C04F79EFBC}") = "Localization-Wpf", "Localization-Wpf\Localization-Wpf.csproj", "{F7FB7689-CC7F-F2DA-B6DD-37BEA67F0588}"
EndProject
Project("{FAE04EC0-301F-11D3-BF4B-00C04F79EFBC}") = "WordsEdit.Tests", "WordsEdit.Tests\WordsEdit.Tests.csproj", "{B606D330-81A7-A90B-B42D-E388C237527E}"
EndProject
Project("{FAE04EC0-301F-11D3-BF4B-00C04F79EFBC}") = "Sample-Wpf", "Sample-Wpf\Sample-Wpf.csproj", "{59F481D9-56DD-464D-83A0-53F4D36C6394}"
	ProjectSection(ProjectDependencies) = postProject
		{F7FB7689-CC7F-F2DA-B6DD-37BEA67F0588} = {F7FB7689-CC7F-F2DA-B6DD-37BEA67F0588}
	EndProjectSection
EndProject
Project("{FAE04EC0-301F-11D3-BF4B-00C04F79EFBC}") = "Sample-Ava", "Sample-Ava\Sample-Ava.csproj", "{1FD2FC20-204E-4049-B177-91AAA87DE06E}"
EndProject
Project("{FAE04EC0-301F-11D3-BF4B-00C04F79EFBC}") = "Localization-Ava", "Localization-Ava\Localization-Ava.csproj", "{EB102F70-62A1-42E1-9889-73AB2979626C}"
EndProject
Project("{2150E333-8FDC-42A3-9474-1A3956D46DE8}") = "Solution Items", "Solution Items", "{DB6081B9-519B-4EFB-A45D-F90DE30C995C}"
	ProjectSection(SolutionItems) = preProject
		.editorconfig = .editorconfig
	EndProjectSection
EndProject
Global
	GlobalSection(SolutionConfigurationPlatforms) = preSolution
		Debug|Any CPU = Debug|Any CPU
		Release|Any CPU = Release|Any CPU
	EndGlobalSection
	GlobalSection(ProjectConfigurationPlatforms) = postSolution
		{DB039C06-2D8D-48B7-947B-7CC3A684D160}.Debug|Any CPU.ActiveCfg = Debug|Any CPU
		{DB039C06-2D8D-48B7-947B-7CC3A684D160}.Debug|Any CPU.Build.0 = Debug|Any CPU
		{DB039C06-2D8D-48B7-947B-7CC3A684D160}.Release|Any CPU.ActiveCfg = Release|Any CPU
		{DB039C06-2D8D-48B7-947B-7CC3A684D160}.Release|Any CPU.Build.0 = Release|Any CPU
		{2F44E16F-EB5A-0FD3-2E16-5A7B5D54930A}.Debug|Any CPU.ActiveCfg = Debug|Any CPU
		{2F44E16F-EB5A-0FD3-2E16-5A7B5D54930A}.Debug|Any CPU.Build.0 = Debug|Any CPU
		{2F44E16F-EB5A-0FD3-2E16-5A7B5D54930A}.Release|Any CPU.ActiveCfg = Release|Any CPU
		{2F44E16F-EB5A-0FD3-2E16-5A7B5D54930A}.Release|Any CPU.Build.0 = Release|Any CPU
		{F7FB7689-CC7F-F2DA-B6DD-37BEA67F0588}.Debug|Any CPU.ActiveCfg = Debug|Any CPU
		{F7FB7689-CC7F-F2DA-B6DD-37BEA67F0588}.Debug|Any CPU.Build.0 = Debug|Any CPU
		{F7FB7689-CC7F-F2DA-B6DD-37BEA67F0588}.Release|Any CPU.ActiveCfg = Release|Any CPU
		{F7FB7689-CC7F-F2DA-B6DD-37BEA67F0588}.Release|Any CPU.Build.0 = Release|Any CPU
		{B606D330-81A7-A90B-B42D-E388C237527E}.Debug|Any CPU.ActiveCfg = Debug|Any CPU
		{B606D330-81A7-A90B-B42D-E388C237527E}.Debug|Any CPU.Build.0 = Debug|Any CPU
		{B606D330-81A7-A90B-B42D-E388C237527E}.Release|Any CPU.ActiveCfg = Release|Any CPU
		{B606D330-81A7-A90B-B42D-E388C237527E}.Release|Any CPU.Build.0 = Release|Any CPU
		{59F481D9-56DD-464D-83A0-53F4D36C6394}.Debug|Any CPU.ActiveCfg = Debug|Any CPU
		{59F481D9-56DD-464D-83A0-53F4D36C6394}.Debug|Any CPU.Build.0 = Debug|Any CPU
		{59F481D9-56DD-464D-83A0-53F4D36C6394}.Release|Any CPU.ActiveCfg = Release|Any CPU
		{59F481D9-56DD-464D-83A0-53F4D36C6394}.Release|Any CPU.Build.0 = Release|Any CPU
		{1FD2FC20-204E-4049-B177-91AAA87DE06E}.Debug|Any CPU.ActiveCfg = Debug|Any CPU
		{1FD2FC20-204E-4049-B177-91AAA87DE06E}.Debug|Any CPU.Build.0 = Debug|Any CPU
		{1FD2FC20-204E-4049-B177-91AAA87DE06E}.Release|Any CPU.ActiveCfg = Release|Any CPU
		{1FD2FC20-204E-4049-B177-91AAA87DE06E}.Release|Any CPU.Build.0 = Release|Any CPU
		{EB102F70-62A1-42E1-9889-73AB2979626C}.Debug|Any CPU.ActiveCfg = Debug|Any CPU
		{EB102F70-62A1-42E1-9889-73AB2979626C}.Debug|Any CPU.Build.0 = Debug|Any CPU
		{EB102F70-62A1-42E1-9889-73AB2979626C}.Release|Any CPU.ActiveCfg = Release|Any CPU
		{EB102F70-62A1-42E1-9889-73AB2979626C}.Release|Any CPU.Build.0 = Release|Any CPU
	EndGlobalSection
	GlobalSection(SolutionProperties) = preSolution
		HideSolutionNode = FALSE
	EndGlobalSection
	GlobalSection(ExtensibilityGlobals) = postSolution
		SolutionGuid = {4BC12031-5D99-4737-9D73-903AD21BAB97}
	EndGlobalSection
EndGlobal
